
Microsoft Visual Studio Solution File, Format Version 12.00
# Visual Studio Version 16
VisualStudioVersion = 16.0.31605.320
MinimumVisualStudioVersion = 10.0.40219.1
Project("{FAE04EC0-301F-11D3-BF4B-00C04F79EFBC}") = "ETL_VENDAS", "ETL_VENDAS\ETL_VENDAS.csproj", "{4DA0F8AA-07B6-4C52-A39C-A36B841FB6D8}"
EndProject
Global
	GlobalSection(SolutionConfigurationPlatforms) = preSolution
		Debug|Any CPU = Debug|Any CPU
		Release|Any CPU = Release|Any CPU
	EndGlobalSection
	GlobalSection(ProjectConfigurationPlatforms) = postSolution
		{4DA0F8AA-07B6-4C52-A39C-A36B841FB6D8}.Debug|Any CPU.ActiveCfg = Debug|Any CPU
		{4DA0F8AA-07B6-4C52-A39C-A36B841FB6D8}.Debug|Any CPU.Build.0 = Debug|Any CPU
		{4DA0F8AA-07B6-4C52-A39C-A36B841FB6D8}.Release|Any CPU.ActiveCfg = Release|Any CPU
		{4DA0F8AA-07B6-4C52-A39C-A36B841FB6D8}.Release|Any CPU.Build.0 = Release|Any CPU
	EndGlobalSection
	GlobalSection(SolutionProperties) = preSolution
		HideSolutionNode = FALSE
	EndGlobalSection
	GlobalSection(ExtensibilityGlobals) = postSolution
		SolutionGuid = {751A8220-6C04-4806-8BCD-5DFF16201D54}
	EndGlobalSection
EndGlobal
